
Microsoft Visual Studio Solution File, Format Version 12.00
# Visual Studio Version 17
VisualStudioVersion = 17.6.33829.357
MinimumVisualStudioVersion = 10.0.40219.1
Project("{C9674DCB-5085-4A16-B785-4C70DD1589BD}") = "SSISPractice", "SSISPractice.dtproj", "{27931F46-9755-4DBB-A3C6-6FF97A68B9C7}"
EndProject
Global
	GlobalSection(SolutionConfigurationPlatforms) = preSolution
		Development|Default = Development|Default
	EndGlobalSection
	GlobalSection(ProjectConfigurationPlatforms) = postSolution
		{27931F46-9755-4DBB-A3C6-6FF97A68B9C7}.Development|Default.ActiveCfg = Development
		{27931F46-9755-4DBB-A3C6-6FF97A68B9C7}.Development|Default.Build.0 = Development
	EndGlobalSection
	GlobalSection(SolutionProperties) = preSolution
		HideSolutionNode = FALSE
	EndGlobalSection
	GlobalSection(ExtensibilityGlobals) = postSolution
		SolutionGuid = {6F37D073-2225-4DAC-ACE5-47EAF0804CF3}
	EndGlobalSection
EndGlobal
